
Microsoft Visual Studio Solution File, Format Version 12.00
# Visual Studio Version 16
VisualStudioVersion = 16.0.32630.194
MinimumVisualStudioVersion = 10.0.40219.1
Project("{8BC9CEB8-8B4A-11D0-8D11-00A0C91BC942}") = "SimpleHelloWorld", "LearningC++\LearningC++.vcxproj", "{B85E4D99-F547-4FBB-8711-2EFA55BF858F}"
EndProject
Project("{8BC9CEB8-8B4A-11D0-8D11-00A0C91BC942}") = "DrawingAShape", "DrawingAShape\DrawingAShape.vcxproj", "{4CA378A1-1B32-4ED2-8F04-7EC7F9692D9A}"
EndProject
Project("{8BC9CEB8-8B4A-11D0-8D11-00A0C91BC942}") = "Variables", "Variables\Variables.vcxproj", "{299C6A9D-17B9-48BE-AA58-98BCE1F7C39F}"
EndProject
Project("{8BC9CEB8-8B4A-11D0-8D11-00A0C91BC942}") = "DataTypes", "DataTypes\DataTypes.vcxproj", "{05CB483D-BBB9-4746-B020-CEC88E04FDCE}"
EndProject
Project("{8BC9CEB8-8B4A-11D0-8D11-00A0C91BC942}") = "WorkingWithString", "WorkingWithString\WorkingWithString.vcxproj", "{674F2946-2FB7-4240-9BFB-9AD09B6CB3EA}"
EndProject
Project("{8BC9CEB8-8B4A-11D0-8D11-00A0C91BC942}") = "WorkingWithNumbers", "WorkingWithNumbers\WorkingWithNumbers.vcxproj", "{B35A1FE1-1943-4489-8E34-10FB245B99D2}"
EndProject
Project("{8BC9CEB8-8B4A-11D0-8D11-00A0C91BC942}") = "GettingUserInput", "GettingUserInput\GettingUserInput.vcxproj", "{92DE5AAE-8A28-4C96-A6F2-50031834F655}"
EndProject
Project("{8BC9CEB8-8B4A-11D0-8D11-00A0C91BC942}") = "Arrays", "Arrays\Arrays.vcxproj", "{77805421-3620-416D-9290-3E9B01C29F6C}"
EndProject
Project("{8BC9CEB8-8B4A-11D0-8D11-00A0C91BC942}") = "Functions", "Functions\Functions.vcxproj", "{1CEB609F-A8CD-44C5-88AA-81E3B924E042}"
EndProject
Project("{8BC9CEB8-8B4A-11D0-8D11-00A0C91BC942}") = "SwitchStatement", "SwitchStatement\SwitchStatement.vcxproj", "{A769369D-B30C-4B49-A7CD-CE3FF8F608D7}"
EndProject
Project("{8BC9CEB8-8B4A-11D0-8D11-00A0C91BC942}") = "ForLoops", "ForLoops\ForLoops.vcxproj", "{C5D6B49D-833F-4AF9-9633-0A1746751472}"
EndProject
Project("{8BC9CEB8-8B4A-11D0-8D11-00A0C91BC942}") = "ExponentFunction", "ExponentFunction\ExponentFunction.vcxproj", "{781AE48C-8942-4363-AABD-AD48212BEBF8}"
EndProject
Project("{8BC9CEB8-8B4A-11D0-8D11-00A0C91BC942}") = "Pointers", "Pointers\Pointers.vcxproj", "{FC2DAB7E-924E-4900-A006-CE56CC0C5634}"
EndProject
Project("{8BC9CEB8-8B4A-11D0-8D11-00A0C91BC942}") = "ClassesAndObjects", "ClassesAndObjects\ClassesAndObjects.vcxproj", "{44BD17BB-5267-4472-B39A-A3B9CADBAA63}"
EndProject
Project("{8BC9CEB8-8B4A-11D0-8D11-00A0C91BC942}") = "ConstructorFunctions", "ConstructorFunctions\ConstructorFunctions.vcxproj", "{363CDFC7-BFE6-45D7-AF46-DCCCD4569605}"
EndProject
Project("{8BC9CEB8-8B4A-11D0-8D11-00A0C91BC942}") = "GettersAndSetters", "GettersAndSetters\GettersAndSetters.vcxproj", "{5BE88B3F-5803-4073-BE2D-4E24A4204709}"
EndProject
Project("{8BC9CEB8-8B4A-11D0-8D11-00A0C91BC942}") = "Inheritance", "Inheritance\Inheritance.vcxproj", "{0D07132A-0A58-4CA2-BA88-F9760116583D}"
EndProject
Global
	GlobalSection(SolutionConfigurationPlatforms) = preSolution
		Debug|x64 = Debug|x64
		Debug|x86 = Debug|x86
		Release|x64 = Release|x64
		Release|x86 = Release|x86
	EndGlobalSection
	GlobalSection(ProjectConfigurationPlatforms) = postSolution
		{B85E4D99-F547-4FBB-8711-2EFA55BF858F}.Debug|x64.ActiveCfg = Debug|x64
		{B85E4D99-F547-4FBB-8711-2EFA55BF858F}.Debug|x64.Build.0 = Debug|x64
		{B85E4D99-F547-4FBB-8711-2EFA55BF858F}.Debug|x86.ActiveCfg = Debug|Win32
		{B85E4D99-F547-4FBB-8711-2EFA55BF858F}.Debug|x86.Build.0 = Debug|Win32
		{B85E4D99-F547-4FBB-8711-2EFA55BF858F}.Release|x64.ActiveCfg = Release|x64
		{B85E4D99-F547-4FBB-8711-2EFA55BF858F}.Release|x64.Build.0 = Release|x64
		{B85E4D99-F547-4FBB-8711-2EFA55BF858F}.Release|x86.ActiveCfg = Release|Win32
		{B85E4D99-F547-4FBB-8711-2EFA55BF858F}.Release|x86.Build.0 = Release|Win32
		{4CA378A1-1B32-4ED2-8F04-7EC7F9692D9A}.Debug|x64.ActiveCfg = Debug|x64
		{4CA378A1-1B32-4ED2-8F04-7EC7F9692D9A}.Debug|x64.Build.0 = Debug|x64
		{4CA378A1-1B32-4ED2-8F04-7EC7F9692D9A}.Debug|x86.ActiveCfg = Debug|Win32
		{4CA378A1-1B32-4ED2-8F04-7EC7F9692D9A}.Debug|x86.Build.0 = Debug|Win32
		{4CA378A1-1B32-4ED2-8F04-7EC7F9692D9A}.Release|x64.ActiveCfg = Release|x64
		{4CA378A1-1B32-4ED2-8F04-7EC7F9692D9A}.Release|x64.Build.0 = Release|x64
		{4CA378A1-1B32-4ED2-8F04-7EC7F9692D9A}.Release|x86.ActiveCfg = Release|Win32
		{4CA378A1-1B32-4ED2-8F04-7EC7F9692D9A}.Release|x86.Build.0 = Release|Win32
		{299C6A9D-17B9-48BE-AA58-98BCE1F7C39F}.Debug|x64.ActiveCfg = Debug|x64
		{299C6A9D-17B9-48BE-AA58-98BCE1F7C39F}.Debug|x64.Build.0 = Debug|x64
		{299C6A9D-17B9-48BE-AA58-98BCE1F7C39F}.Debug|x86.ActiveCfg = Debug|Win32
		{299C6A9D-17B9-48BE-AA58-98BCE1F7C39F}.Debug|x86.Build.0 = Debug|Win32
		{299C6A9D-17B9-48BE-AA58-98BCE1F7C39F}.Release|x64.ActiveCfg = Release|x64
		{299C6A9D-17B9-48BE-AA58-98BCE1F7C39F}.Release|x64.Build.0 = Release|x64
		{299C6A9D-17B9-48BE-AA58-98BCE1F7C39F}.Release|x86.ActiveCfg = Release|Win32
		{299C6A9D-17B9-48BE-AA58-98BCE1F7C39F}.Release|x86.Build.0 = Release|Win32
		{05CB483D-BBB9-4746-B020-CEC88E04FDCE}.Debug|x64.ActiveCfg = Debug|x64
		{05CB483D-BBB9-4746-B020-CEC88E04FDCE}.Debug|x64.Build.0 = Debug|x64
		{05CB483D-BBB9-4746-B020-CEC88E04FDCE}.Debug|x86.ActiveCfg = Debug|Win32
		{05CB483D-BBB9-4746-B020-CEC88E04FDCE}.Debug|x86.Build.0 = Debug|Win32
		{05CB483D-BBB9-4746-B020-CEC88E04FDCE}.Release|x64.ActiveCfg = Release|x64
		{05CB483D-BBB9-4746-B020-CEC88E04FDCE}.Release|x64.Build.0 = Release|x64
		{05CB483D-BBB9-4746-B020-CEC88E04FDCE}.Release|x86.ActiveCfg = Release|Win32
		{05CB483D-BBB9-4746-B020-CEC88E04FDCE}.Release|x86.Build.0 = Release|Win32
		{674F2946-2FB7-4240-9BFB-9AD09B6CB3EA}.Debug|x64.ActiveCfg = Debug|x64
		{674F2946-2FB7-4240-9BFB-9AD09B6CB3EA}.Debug|x64.Build.0 = Debug|x64
		{674F2946-2FB7-4240-9BFB-9AD09B6CB3EA}.Debug|x86.ActiveCfg = Debug|Win32
		{674F2946-2FB7-4240-9BFB-9AD09B6CB3EA}.Debug|x86.Build.0 = Debug|Win32
		{674F2946-2FB7-4240-9BFB-9AD09B6CB3EA}.Release|x64.ActiveCfg = Release|x64
		{674F2946-2FB7-4240-9BFB-9AD09B6CB3EA}.Release|x64.Build.0 = Release|x64
		{674F2946-2FB7-4240-9BFB-9AD09B6CB3EA}.Release|x86.ActiveCfg = Release|Win32
		{674F2946-2FB7-4240-9BFB-9AD09B6CB3EA}.Release|x86.Build.0 = Release|Win32
		{B35A1FE1-1943-4489-8E34-10FB245B99D2}.Debug|x64.ActiveCfg = Debug|x64
		{B35A1FE1-1943-4489-8E34-10FB245B99D2}.Debug|x64.Build.0 = Debug|x64
		{B35A1FE1-1943-4489-8E34-10FB245B99D2}.Debug|x86.ActiveCfg = Debug|Win32
		{B35A1FE1-1943-4489-8E34-10FB245B99D2}.Debug|x86.Build.0 = Debug|Win32
		{B35A1FE1-1943-4489-8E34-10FB245B99D2}.Release|x64.ActiveCfg = Release|x64
		{B35A1FE1-1943-4489-8E34-10FB245B99D2}.Release|x64.Build.0 = Release|x64
		{B35A1FE1-1943-4489-8E34-10FB245B99D2}.Release|x86.ActiveCfg = Release|Win32
		{B35A1FE1-1943-4489-8E34-10FB245B99D2}.Release|x86.Build.0 = Release|Win32
		{92DE5AAE-8A28-4C96-A6F2-50031834F655}.Debug|x64.ActiveCfg = Debug|x64
		{92DE5AAE-8A28-4C96-A6F2-50031834F655}.Debug|x64.Build.0 = Debug|x64
		{92DE5AAE-8A28-4C96-A6F2-50031834F655}.Debug|x86.ActiveCfg = Debug|Win32
		{92DE5AAE-8A28-4C96-A6F2-50031834F655}.Debug|x86.Build.0 = Debug|Win32
		{92DE5AAE-8A28-4C96-A6F2-50031834F655}.Release|x64.ActiveCfg = Release|x64
		{92DE5AAE-8A28-4C96-A6F2-50031834F655}.Release|x64.Build.0 = Release|x64
		{92DE5AAE-8A28-4C96-A6F2-50031834F655}.Release|x86.ActiveCfg = Release|Win32
		{92DE5AAE-8A28-4C96-A6F2-50031834F655}.Release|x86.Build.0 = Release|Win32
		{77805421-3620-416D-9290-3E9B01C29F6C}.Debug|x64.ActiveCfg = Debug|x64
		{77805421-3620-416D-9290-3E9B01C29F6C}.Debug|x64.Build.0 = Debug|x64
		{77805421-3620-416D-9290-3E9B01C29F6C}.Debug|x86.ActiveCfg = Debug|Win32
		{77805421-3620-416D-9290-3E9B01C29F6C}.Debug|x86.Build.0 = Debug|Win32
		{77805421-3620-416D-9290-3E9B01C29F6C}.Release|x64.ActiveCfg = Release|x64
		{77805421-3620-416D-9290-3E9B01C29F6C}.Release|x64.Build.0 = Release|x64
		{77805421-3620-416D-9290-3E9B01C29F6C}.Release|x86.ActiveCfg = Release|Win32
		{77805421-3620-416D-9290-3E9B01C29F6C}.Release|x86.Build.0 = Release|Win32
		{1CEB609F-A8CD-44C5-88AA-81E3B924E042}.Debug|x64.ActiveCfg = Debug|x64
		{1CEB609F-A8CD-44C5-88AA-81E3B924E042}.Debug|x64.Build.0 = Debug|x64
		{1CEB609F-A8CD-44C5-88AA-81E3B924E042}.Debug|x86.ActiveCfg = Debug|Win32
		{1CEB609F-A8CD-44C5-88AA-81E3B924E042}.Debug|x86.Build.0 = Debug|Win32
		{1CEB609F-A8CD-44C5-88AA-81E3B924E042}.Release|x64.ActiveCfg = Release|x64
		{1CEB609F-A8CD-44C5-88AA-81E3B924E042}.Release|x64.Build.0 = Release|x64
		{1CEB609F-A8CD-44C5-88AA-81E3B924E042}.Release|x86.ActiveCfg = Release|Win32
		{1CEB609F-A8CD-44C5-88AA-81E3B924E042}.Release|x86.Build.0 = Release|Win32
		{A769369D-B30C-4B49-A7CD-CE3FF8F608D7}.Debug|x64.ActiveCfg = Debug|x64
		{A769369D-B30C-4B49-A7CD-CE3FF8F608D7}.Debug|x64.Build.0 = Debug|x64
		{A769369D-B30C-4B49-A7CD-CE3FF8F608D7}.Debug|x86.ActiveCfg = Debug|Win32
		{A769369D-B30C-4B49-A7CD-CE3FF8F608D7}.Debug|x86.Build.0 = Debug|Win32
		{A769369D-B30C-4B49-A7CD-CE3FF8F608D7}.Release|x64.ActiveCfg = Release|x64
		{A769369D-B30C-4B49-A7CD-CE3FF8F608D7}.Release|x64.Build.0 = Release|x64
		{A769369D-B30C-4B49-A7CD-CE3FF8F608D7}.Release|x86.ActiveCfg = Release|Win32
		{A769369D-B30C-4B49-A7CD-CE3FF8F608D7}.Release|x86.Build.0 = Release|Win32
		{C5D6B49D-833F-4AF9-9633-0A1746751472}.Debug|x64.ActiveCfg = Debug|x64
		{C5D6B49D-833F-4AF9-9633-0A1746751472}.Debug|x64.Build.0 = Debug|x64
		{C5D6B49D-833F-4AF9-9633-0A1746751472}.Debug|x86.ActiveCfg = Debug|Win32
		{C5D6B49D-833F-4AF9-9633-0A1746751472}.Debug|x86.Build.0 = Debug|Win32
		{C5D6B49D-833F-4AF9-9633-0A1746751472}.Release|x64.ActiveCfg = Release|x64
		{C5D6B49D-833F-4AF9-9633-0A1746751472}.Release|x64.Build.0 = Release|x64
		{C5D6B49D-833F-4AF9-9633-0A1746751472}.Release|x86.ActiveCfg = Release|Win32
		{C5D6B49D-833F-4AF9-9633-0A1746751472}.Release|x86.Build.0 = Release|Win32
		{781AE48C-8942-4363-AABD-AD48212BEBF8}.Debug|x64.ActiveCfg = Debug|x64
		{781AE48C-8942-4363-AABD-AD48212BEBF8}.Debug|x64.Build.0 = Debug|x64
		{781AE48C-8942-4363-AABD-AD48212BEBF8}.Debug|x86.ActiveCfg = Debug|Win32
		{781AE48C-8942-4363-AABD-AD48212BEBF8}.Debug|x86.Build.0 = Debug|Win32
		{781AE48C-8942-4363-AABD-AD48212BEBF8}.Release|x64.ActiveCfg = Release|x64
		{781AE48C-8942-4363-AABD-AD48212BEBF8}.Release|x64.Build.0 = Release|x64
		{781AE48C-8942-4363-AABD-AD48212BEBF8}.Release|x86.ActiveCfg = Release|Win32
		{781AE48C-8942-4363-AABD-AD48212BEBF8}.Release|x86.Build.0 = Release|Win32
		{FC2DAB7E-924E-4900-A006-CE56CC0C5634}.Debug|x64.ActiveCfg = Debug|x64
		{FC2DAB7E-924E-4900-A006-CE56CC0C5634}.Debug|x64.Build.0 = Debug|x64
		{FC2DAB7E-924E-4900-A006-CE56CC0C5634}.Debug|x86.ActiveCfg = Debug|Win32
		{FC2DAB7E-924E-4900-A006-CE56CC0C5634}.Debug|x86.Build.0 = Debug|Win32
		{FC2DAB7E-924E-4900-A006-CE56CC0C5634}.Release|x64.ActiveCfg = Release|x64
		{FC2DAB7E-924E-4900-A006-CE56CC0C5634}.Release|x64.Build.0 = Release|x64
		{FC2DAB7E-924E-4900-A006-CE56CC0C5634}.Release|x86.ActiveCfg = Release|Win32
		{FC2DAB7E-924E-4900-A006-CE56CC0C5634}.Release|x86.Build.0 = Release|Win32
		{44BD17BB-5267-4472-B39A-A3B9CADBAA63}.Debug|x64.ActiveCfg = Debug|x64
		{44BD17BB-5267-4472-B39A-A3B9CADBAA63}.Debug|x64.Build.0 = Debug|x64
		{44BD17BB-5267-4472-B39A-A3B9CADBAA63}.Debug|x86.ActiveCfg = Debug|Win32
		{44BD17BB-5267-4472-B39A-A3B9CADBAA63}.Debug|x86.Build.0 = Debug|Win32
		{44BD17BB-5267-4472-B39A-A3B9CADBAA63}.Release|x64.ActiveCfg = Release|x64
		{44BD17BB-5267-4472-B39A-A3B9CADBAA63}.Release|x64.Build.0 = Release|x64
		{44BD17BB-5267-4472-B39A-A3B9CADBAA63}.Release|x86.ActiveCfg = Release|Win32
		{44BD17BB-5267-4472-B39A-A3B9CADBAA63}.Release|x86.Build.0 = Release|Win32
		{363CDFC7-BFE6-45D7-AF46-DCCCD4569605}.Debug|x64.ActiveCfg = Debug|x64
		{363CDFC7-BFE6-45D7-AF46-DCCCD4569605}.Debug|x64.Build.0 = Debug|x64
		{363CDFC7-BFE6-45D7-AF46-DCCCD4569605}.Debug|x86.ActiveCfg = Debug|Win32
		{363CDFC7-BFE6-45D7-AF46-DCCCD4569605}.Debug|x86.Build.0 = Debug|Win32
		{363CDFC7-BFE6-45D7-AF46-DCCCD4569605}.Release|x64.ActiveCfg = Release|x64
		{363CDFC7-BFE6-45D7-AF46-DCCCD4569605}.Release|x64.Build.0 = Release|x64
		{363CDFC7-BFE6-45D7-AF46-DCCCD4569605}.Release|x86.ActiveCfg = Release|Win32
		{363CDFC7-BFE6-45D7-AF46-DCCCD4569605}.Release|x86.Build.0 = Release|Win32
		{5BE88B3F-5803-4073-BE2D-4E24A4204709}.Debug|x64.ActiveCfg = Debug|x64
		{5BE88B3F-5803-4073-BE2D-4E24A4204709}.Debug|x64.Build.0 = Debug|x64
		{5BE88B3F-5803-4073-BE2D-4E24A4204709}.Debug|x86.ActiveCfg = Debug|Win32
		{5BE88B3F-5803-4073-BE2D-4E24A4204709}.Debug|x86.Build.0 = Debug|Win32
		{5BE88B3F-5803-4073-BE2D-4E24A4204709}.Release|x64.ActiveCfg = Release|x64
		{5BE88B3F-5803-4073-BE2D-4E24A4204709}.Release|x64.Build.0 = Release|x64
		{5BE88B3F-5803-4073-BE2D-4E24A4204709}.Release|x86.ActiveCfg = Release|Win32
		{5BE88B3F-5803-4073-BE2D-4E24A4204709}.Release|x86.Build.0 = Release|Win32
		{0D07132A-0A58-4CA2-BA88-F9760116583D}.Debug|x64.ActiveCfg = Debug|x64
		{0D07132A-0A58-4CA2-BA88-F9760116583D}.Debug|x64.Build.0 = Debug|x64
		{0D07132A-0A58-4CA2-BA88-F9760116583D}.Debug|x86.ActiveCfg = Debug|Win32
		{0D07132A-0A58-4CA2-BA88-F9760116583D}.Debug|x86.Build.0 = Debug|Win32
		{0D07132A-0A58-4CA2-BA88-F9760116583D}.Release|x64.ActiveCfg = Release|x64
		{0D07132A-0A58-4CA2-BA88-F9760116583D}.Release|x64.Build.0 = Release|x64
		{0D07132A-0A58-4CA2-BA88-F9760116583D}.Release|x86.ActiveCfg = Release|Win32
		{0D07132A-0A58-4CA2-BA88-F9760116583D}.Release|x86.Build.0 = Release|Win32
	EndGlobalSection
	GlobalSection(SolutionProperties) = preSolution
		HideSolutionNode = FALSE
	EndGlobalSection
	GlobalSection(ExtensibilityGlobals) = postSolution
		SolutionGuid = {6CEA21F5-578C-49A3-9C65-695635D4E581}
	EndGlobalSection
EndGlobal
